{
  "version": 4,
  "terraform_version": "1.5.7",
  "serial": 27,
  "lineage": "c0d03d0c-9e4f-95cd-de99-04930a9ff483",
  "outputs": {},
  "resources": [
    {
      "module": "module.infra",
      "mode": "managed",
      "type": "local_file",
      "name": "cloud_init_user_data_file",
      "provider": "provider[\"registry.terraform.io/hashicorp/local\"]",
      "instances": [
        {
          "index_key": "head",
          "schema_version": 0,
          "attributes": {
            "content": "#cloud-config\nhostname: head\nmanage_etc_hosts: true\nfqdn: head.jamfox.dev\ntimezone: Europe/London\nusers:\n  - name: ubuntu\n    ssh-authorized-keys:\n      - ssh-ed25519 AAAAC3NzaC1lZDI1NTE5AAAAILayJ7ZP6Z6IDms4ujnz9nRnAJEIXwyto1SbSwfzjqst jamfox\n    sudo: ['ALL=(ALL) NOPASSWD:ALL']\n    groups: sudo\n    shell: /bin/bash\npackage_upgrade: false\n\nruncmd:\n  - sudo apt update \u0026\u0026 sudo apt upgrade -y\n  - sudo /usr/sbin/reboot\n",
            "content_base64": null,
            "content_base64sha256": "fI4q8IDTl4ZS2AJ3d+PkWmXoH3H1NGayfoY3cic6pr0=",
            "content_base64sha512": "e1jV/25yqQoE08xtwLVGvAdrxxcy69GJL3vSpN0jaKjSQGunoon5EpG0y/RnQzxsA5FGcg0kYT0f0kOHQ3h45g==",
            "content_md5": "44924d4ef5dec41383ecf019abd327bf",
            "content_sha1": "8963a2687c6d31b0891d212e31bb1286eb2889a2",
            "content_sha256": "7c8e2af080d3978652d8027777e3e45a65e81f71f53466b27e863772273aa6bd",
            "content_sha512": "7b58d5ff6e72a90a04d3cc6dc0b546bc076bc71732ebd1892f7bd2a4dd2368a8d2406ba7a289f91291b4cbf467433c6c039146720d24613d1fd24387437878e6",
            "directory_permission": "0777",
            "file_permission": "0777",
            "filename": "modules/vm_qemu/files/vm-head-cloud-init.yaml",
            "id": "8963a2687c6d31b0891d212e31bb1286eb2889a2",
            "sensitive_content": null,
            "source": null
          },
          "sensitive_attributes": []
        },
        {
          "index_key": "vb0",
          "schema_version": 0,
          "attributes": {
            "content": "#cloud-config\nhostname: vb0\nmanage_etc_hosts: true\nfqdn: vb0.jamfox.dev\ntimezone: Europe/London\nusers:\n  - name: ubuntu\n    ssh-authorized-keys:\n      - ssh-ed25519 AAAAC3NzaC1lZDI1NTE5AAAAILayJ7ZP6Z6IDms4ujnz9nRnAJEIXwyto1SbSwfzjqst jamfox\n    sudo: ['ALL=(ALL) NOPASSWD:ALL']\n    groups: sudo\n    shell: /bin/bash\npackage_upgrade: false\n\nruncmd:\n  - sudo apt update \u0026\u0026 sudo apt upgrade -y\n  - sudo /usr/sbin/reboot\n",
            "content_base64": null,
            "content_base64sha256": "suzdbjpYuZWibQgls2W+ercW7v8mU7gPLIAb7YrvwEg=",
            "content_base64sha512": "2+6P+Q2Vx20lrhRX9Q5LOZwYljrkUgPKIRHaTzF6taLRQch2F9imi3qF+y+5pYpAMIWqpl+c4kE/PgXPtbY4tw==",
            "content_md5": "14a2c101e41a4f3efcb7d197a26fda0a",
            "content_sha1": "b2964e02df99378e40079d3b8537943019c100eb",
            "content_sha256": "b2ecdd6e3a58b995a26d0825b365be7ab716eeff2653b80f2c801bed8aefc048",
            "content_sha512": "dbee8ff90d95c76d25ae1457f50e4b399c18963ae45203ca2111da4f317ab5a2d141c87617d8a68b7a85fb2fb9a58a403085aaa65f9ce2413f3e05cfb5b638b7",
            "directory_permission": "0777",
            "file_permission": "0777",
            "filename": "modules/vm_qemu/files/vm-vb0-cloud-init.yaml",
            "id": "b2964e02df99378e40079d3b8537943019c100eb",
            "sensitive_content": null,
            "source": null
          },
          "sensitive_attributes": []
        },
        {
          "index_key": "vb1",
          "schema_version": 0,
          "attributes": {
            "content": "#cloud-config\nhostname: vb1\nmanage_etc_hosts: true\nfqdn: vb1.jamfox.dev\ntimezone: Europe/London\nusers:\n  - name: ubuntu\n    ssh-authorized-keys:\n      - ssh-ed25519 AAAAC3NzaC1lZDI1NTE5AAAAILayJ7ZP6Z6IDms4ujnz9nRnAJEIXwyto1SbSwfzjqst jamfox\n    sudo: ['ALL=(ALL) NOPASSWD:ALL']\n    groups: sudo\n    shell: /bin/bash\npackage_upgrade: false\n\nruncmd:\n  - sudo apt update \u0026\u0026 sudo apt upgrade -y\n  - sudo /usr/sbin/reboot\n",
            "content_base64": null,
            "content_base64sha256": "q+bQiavmP2L7mHgP4tcgPKH5QKONsiOYyJbeTkHIsk8=",
            "content_base64sha512": "jbBSCTKuZag5Jm51h4g5E4rvwqFJk+9NfDn183qlc6z3sHHgKUt3CMvzVzx1EjTyinrgfc2zntSpm3YmQwp4SA==",
            "content_md5": "a97a4fc8dd24167b19956f71d61c20a7",
            "content_sha1": "86956ccea229223e4e2367d81d1e2eb0cb5c625b",
            "content_sha256": "abe6d089abe63f62fb98780fe2d7203ca1f940a38db22398c896de4e41c8b24f",
            "content_sha512": "8db0520932ae65a839266e75878839138aefc2a14993ef4d7c39f5f37aa573acf7b071e0294b7708cbf3573c751234f28a7ae07dcdb39ed4a99b7626430a7848",
            "directory_permission": "0777",
            "file_permission": "0777",
            "filename": "modules/vm_qemu/files/vm-vb1-cloud-init.yaml",
            "id": "86956ccea229223e4e2367d81d1e2eb0cb5c625b",
            "sensitive_content": null,
            "source": null
          },
          "sensitive_attributes": []
        },
        {
          "index_key": "vb2",
          "schema_version": 0,
          "attributes": {
            "content": "#cloud-config\nhostname: vb2\nmanage_etc_hosts: true\nfqdn: vb2.jamfox.dev\ntimezone: Europe/London\nusers:\n  - name: ubuntu\n    ssh-authorized-keys:\n      - ssh-ed25519 AAAAC3NzaC1lZDI1NTE5AAAAILayJ7ZP6Z6IDms4ujnz9nRnAJEIXwyto1SbSwfzjqst jamfox\n    sudo: ['ALL=(ALL) NOPASSWD:ALL']\n    groups: sudo\n    shell: /bin/bash\npackage_upgrade: false\n\nruncmd:\n  - sudo apt update \u0026\u0026 sudo apt upgrade -y\n  - sudo /usr/sbin/reboot\n",
            "content_base64": null,
            "content_base64sha256": "wm7ABrCfNiWvf9oQYZTlCzKYil13exrff61g/NKxXB8=",
            "content_base64sha512": "PG3Ywuq4Gn59asO4BWhHjenBs3XVU/ZZANpVhsmxtGZ1zk0WYnvx4QVzRMntOvsffRdnyTa1TFjvkQsoinl5WQ==",
            "content_md5": "9f1ffe2792eb3d5bde6d245523d185bc",
            "content_sha1": "2878b911d04013e6cf0e93bd1127e52f8ab7e10d",
            "content_sha256": "c26ec006b09f3625af7fda106194e50b32988a5d777b1adf7fad60fcd2b15c1f",
            "content_sha512": "3c6dd8c2eab81a7e7d6ac3b80568478de9c1b375d553f65900da5586c9b1b46675ce4d16627bf1e1057344c9ed3afb1f7d1767c936b54c58ef910b288a797959",
            "directory_permission": "0777",
            "file_permission": "0777",
            "filename": "modules/vm_qemu/files/vm-vb2-cloud-init.yaml",
            "id": "2878b911d04013e6cf0e93bd1127e52f8ab7e10d",
            "sensitive_content": null,
            "source": null
          },
          "sensitive_attributes": []
        },
        {
          "index_key": "vs0",
          "schema_version": 0,
          "attributes": {
            "content": "#cloud-config\nhostname: vs0\nmanage_etc_hosts: true\nfqdn: vs0.jamfox.dev\ntimezone: Europe/London\nusers:\n  - name: ubuntu\n    ssh-authorized-keys:\n      - ssh-ed25519 AAAAC3NzaC1lZDI1NTE5AAAAILayJ7ZP6Z6IDms4ujnz9nRnAJEIXwyto1SbSwfzjqst jamfox\n    sudo: ['ALL=(ALL) NOPASSWD:ALL']\n    groups: sudo\n    shell: /bin/bash\npackage_upgrade: false\n\nruncmd:\n  - sudo apt update \u0026\u0026 sudo apt upgrade -y\n  - sudo /usr/sbin/reboot\n",
            "content_base64": null,
            "content_base64sha256": "n4T9wTQtZer5VHy2WAeQJtK8aMhDwFvsFGMoRexZ8w8=",
            "content_base64sha512": "TlAhtjrBbCBIVKal880/RAyxd2oEs0ZDozItnmC+ya16+8GXF3x3D89fXOVEqFe7uPFLqkuIXHaR7KDmYW/veA==",
            "content_md5": "0aff3e9670fb8d243cc0006c7898e37e",
            "content_sha1": "72f374e146eb2e0dff02b19d92d352d1f8f22136",
            "content_sha256": "9f84fdc1342d65eaf9547cb658079026d2bc68c843c05bec14632845ec59f30f",
            "content_sha512": "4e5021b63ac16c204854a6a5f3cd3f440cb1776a04b34643a3322d9e60bec9ad7afbc197177c770fcf5f5ce544a857bbb8f14baa4b885c7691eca0e6616fef78",
            "directory_permission": "0777",
            "file_permission": "0777",
            "filename": "modules/vm_qemu/files/vm-vs0-cloud-init.yaml",
            "id": "72f374e146eb2e0dff02b19d92d352d1f8f22136",
            "sensitive_content": null,
            "source": null
          },
          "sensitive_attributes": []
        },
        {
          "index_key": "vs1",
          "schema_version": 0,
          "attributes": {
            "content": "#cloud-config\nhostname: vs1\nmanage_etc_hosts: true\nfqdn: vs1.jamfox.dev\ntimezone: Europe/London\nusers:\n  - name: ubuntu\n    ssh-authorized-keys:\n      - ssh-ed25519 AAAAC3NzaC1lZDI1NTE5AAAAILayJ7ZP6Z6IDms4ujnz9nRnAJEIXwyto1SbSwfzjqst jamfox\n    sudo: ['ALL=(ALL) NOPASSWD:ALL']\n    groups: sudo\n    shell: /bin/bash\npackage_upgrade: false\n\nruncmd:\n  - sudo apt update \u0026\u0026 sudo apt upgrade -y\n  - sudo /usr/sbin/reboot\n",
            "content_base64": null,
            "content_base64sha256": "tFgrShnnMPtVLYOdzDv0p8YRYbaIw438KhqsamgVQtk=",
            "content_base64sha512": "CTc3vwlKT7c11to8AOgZkz8yW9PTXwEbugnorejLD5MRs7/7ZsPrA0fOGh3L0tryGED6MKU/JdqB7vCPuggykQ==",
            "content_md5": "3d97b2287a8fc55c94331b7f0964d108",
            "content_sha1": "2605b09045f7d8d3368ab104c86e6801ab970f87",
            "content_sha256": "b4582b4a19e730fb552d839dcc3bf4a7c61161b688c38dfc2a1aac6a681542d9",
            "content_sha512": "093737bf094a4fb735d6da3c00e819933f325bd3d35f011bba09e8ade8cb0f9311b3bffb66c3eb0347ce1a1dcbd2daf21840fa30a53f25da81eef08fba083291",
            "directory_permission": "0777",
            "file_permission": "0777",
            "filename": "modules/vm_qemu/files/vm-vs1-cloud-init.yaml",
            "id": "2605b09045f7d8d3368ab104c86e6801ab970f87",
            "sensitive_content": null,
            "source": null
          },
          "sensitive_attributes": []
        },
        {
          "index_key": "vs2",
          "schema_version": 0,
          "attributes": {
            "content": "#cloud-config\nhostname: vs2\nmanage_etc_hosts: true\nfqdn: vs2.jamfox.dev\ntimezone: Europe/London\nusers:\n  - name: ubuntu\n    ssh-authorized-keys:\n      - ssh-ed25519 AAAAC3NzaC1lZDI1NTE5AAAAILayJ7ZP6Z6IDms4ujnz9nRnAJEIXwyto1SbSwfzjqst jamfox\n    sudo: ['ALL=(ALL) NOPASSWD:ALL']\n    groups: sudo\n    shell: /bin/bash\npackage_upgrade: false\n\nruncmd:\n  - sudo apt update \u0026\u0026 sudo apt upgrade -y\n  - sudo /usr/sbin/reboot\n",
            "content_base64": null,
            "content_base64sha256": "iTZN3pPumWEVJ2eycwg/Wv/kVMXCvu2/b9ZBBXHz30s=",
            "content_base64sha512": "FyAUI11MbXf7NIsCLu7GKbR/lMfRd5kA21EubRbO7s/Y2xpvLZnZZKeG81X8rMO4xRsHi07e4jpheKq29Yuwmw==",
            "content_md5": "7a87affd5c9fcb3a4d6c3cc0475d889e",
            "content_sha1": "139411507f476381d51f31912dcaae8b92a06efa",
            "content_sha256": "89364dde93ee9961152767b273083f5affe454c5c2beedbf6fd6410571f3df4b",
            "content_sha512": "172014235d4c6d77fb348b022eeec629b47f94c7d1779900db512e6d16ceeecfd8db1a6f2d99d964a786f355fcacc3b8c51b078b4edee23a6178aab6f58bb09b",
            "directory_permission": "0777",
            "file_permission": "0777",
            "filename": "modules/vm_qemu/files/vm-vs2-cloud-init.yaml",
            "id": "139411507f476381d51f31912dcaae8b92a06efa",
            "sensitive_content": null,
            "source": null
          },
          "sensitive_attributes": []
        }
      ]
    },
    {
      "module": "module.infra",
      "mode": "managed",
      "type": "null_resource",
      "name": "cloud_init_config_files",
      "provider": "provider[\"registry.terraform.io/hashicorp/null\"]",
      "instances": [
        {
          "index_key": "head",
          "schema_version": 0,
          "attributes": {
            "id": "3044072697896124454",
            "triggers": null
          },
          "sensitive_attributes": [],
          "dependencies": [
            "module.infra.local_file.cloud_init_user_data_file"
          ]
        },
        {
          "index_key": "vb0",
          "schema_version": 0,
          "attributes": {
            "id": "6676487297572829023",
            "triggers": null
          },
          "sensitive_attributes": [],
          "dependencies": [
            "module.infra.local_file.cloud_init_user_data_file"
          ]
        },
        {
          "index_key": "vb1",
          "schema_version": 0,
          "attributes": {
            "id": "8489748313807291977",
            "triggers": null
          },
          "sensitive_attributes": [],
          "dependencies": [
            "module.infra.local_file.cloud_init_user_data_file"
          ]
        },
        {
          "index_key": "vb2",
          "schema_version": 0,
          "attributes": {
            "id": "4732563316620983395",
            "triggers": null
          },
          "sensitive_attributes": [],
          "dependencies": [
            "module.infra.local_file.cloud_init_user_data_file"
          ]
        },
        {
          "index_key": "vs0",
          "schema_version": 0,
          "attributes": {
            "id": "312178013252249351",
            "triggers": null
          },
          "sensitive_attributes": [],
          "dependencies": [
            "module.infra.local_file.cloud_init_user_data_file"
          ]
        },
        {
          "index_key": "vs1",
          "schema_version": 0,
          "attributes": {
            "id": "6283818860524791489",
            "triggers": null
          },
          "sensitive_attributes": [],
          "dependencies": [
            "module.infra.local_file.cloud_init_user_data_file"
          ]
        },
        {
          "index_key": "vs2",
          "schema_version": 0,
          "attributes": {
            "id": "8884330897846368536",
            "triggers": null
          },
          "sensitive_attributes": [],
          "dependencies": [
            "module.infra.local_file.cloud_init_user_data_file"
          ]
        }
      ]
    },
    {
      "module": "module.infra",
      "mode": "managed",
      "type": "proxmox_vm_qemu",
      "name": "vms",
      "provider": "provider[\"registry.terraform.io/telmate/proxmox\"]",
      "instances": [
        {
          "index_key": "head",
          "schema_version": 0,
          "attributes": {
            "additional_wait": 0,
            "agent": 1,
            "args": "",
            "automatic_reboot": true,
            "balloon": 0,
            "bios": "seabios",
            "boot": "c",
            "bootdisk": "scsi0",
            "bridge": "",
            "ci_wait": null,
            "cicustom": "user=local:snippets/vm-head-cloud-init.yaml",
            "cipassword": "",
            "ciuser": "",
            "clone": "ubuntu22",
            "clone_wait": 0,
            "cloudinit_cdrom_storage": null,
            "cores": 1,
            "cpu": "host",
            "default_ipv4_address": "192.168.10.10",
            "define_connection_info": true,
            "desc": "Head Node",
            "disk": [
              {
                "aio": "",
                "backup": 0,
                "cache": "none",
                "discard": "",
                "file": "vm-107-disk-0",
                "format": "raw",
                "iops": 0,
                "iops_max": 0,
                "iops_max_length": 0,
                "iops_rd": 0,
                "iops_rd_max": 0,
                "iops_rd_max_length": 0,
                "iops_wr": 0,
                "iops_wr_max": 0,
                "iops_wr_max_length": 0,
                "iothread": 1,
                "mbps": 0,
                "mbps_rd": 0,
                "mbps_rd_max": 0,
                "mbps_wr": 0,
                "mbps_wr_max": 0,
                "media": "",
                "replicate": 0,
                "size": "50G",
                "slot": 0,
                "ssd": 0,
                "storage": "local-lvm",
                "storage_type": "lvmthin",
                "type": "scsi",
                "volume": "local-lvm:vm-107-disk-0"
              }
            ],
            "disk_gb": 0,
            "force_create": false,
            "force_recreate_on_change_of": null,
            "full_clone": true,
            "guest_agent_ready_timeout": 100,
            "hagroup": "",
            "hastate": "",
            "hotplug": "network,disk,usb",
            "id": "pve0/qemu/107",
            "ipconfig0": "ip=192.168.10.10/16,gw=192.168.10.1",
            "ipconfig1": "",
            "ipconfig2": "",
            "ipconfig3": "",
            "ipconfig4": "",
            "ipconfig5": "",
            "iso": null,
            "kvm": true,
            "mac": "",
            "memory": 1024,
            "name": "head",
            "nameserver": "",
            "network": [
              {
                "bridge": "vmbr0",
                "firewall": false,
                "link_down": false,
                "macaddr": "F6:AE:D3:25:90:2E",
                "model": "virtio",
                "mtu": 0,
                "queues": 0,
                "rate": 0,
                "tag": -1
              }
            ],
            "nic": "",
            "numa": false,
            "onboot": true,
            "oncreate": true,
            "os_network_config": null,
            "os_type": "cloud-init",
            "pool": "",
            "preprovision": true,
            "pxe": null,
            "qemu_os": "other",
            "reboot_required": false,
            "scsihw": "virtio-scsi-single",
            "searchdomain": "",
            "serial": [],
            "sockets": 2,
            "ssh_forward_ip": null,
            "ssh_host": "192.168.10.10",
            "ssh_port": "22",
            "ssh_private_key": null,
            "ssh_user": null,
            "sshkeys": "",
            "startup": "",
            "storage": "",
            "storage_type": "",
            "tablet": true,
            "tags": "",
            "target_node": "pve0",
            "timeouts": null,
            "unused_disk": [],
            "usb": [],
            "vcpus": 0,
            "vga": [
              {
                "memory": 128,
                "type": "std"
              }
            ],
            "vlan": -1,
            "vmid": null
          },
          "sensitive_attributes": [],
          "private": "eyJlMmJmYjczMC1lY2FhLTExZTYtOGY4OC0zNDM2M2JjN2M0YzAiOnsiY3JlYXRlIjozMDAwMDAwMDAwMDAsImRlZmF1bHQiOjMwMDAwMDAwMDAwMCwiZGVsZXRlIjoxODAwMDAwMDAwMDAsInJlYWQiOjE4MDAwMDAwMDAwMCwidXBkYXRlIjoxODAwMDAwMDAwMDB9fQ=="
        },
        {
          "index_key": "vb0",
          "schema_version": 0,
          "attributes": {
            "additional_wait": 0,
            "agent": 1,
            "args": "",
            "automatic_reboot": true,
            "balloon": 0,
            "bios": "seabios",
            "boot": "c",
            "bootdisk": "scsi0",
            "bridge": "",
            "ci_wait": null,
            "cicustom": "user=local:snippets/vm-vb0-cloud-init.yaml",
            "cipassword": "",
            "ciuser": "",
            "clone": "ubuntu22",
            "clone_wait": 0,
            "cloudinit_cdrom_storage": null,
            "cores": 2,
            "cpu": "host",
            "default_ipv4_address": "192.168.10.120",
            "define_connection_info": true,
            "desc": "Virtual Nomad Base Node",
            "disk": [
              {
                "aio": "",
                "backup": 0,
                "cache": "none",
                "discard": "",
                "file": "vm-102-disk-0",
                "format": "raw",
                "iops": 0,
                "iops_max": 0,
                "iops_max_length": 0,
                "iops_rd": 0,
                "iops_rd_max": 0,
                "iops_rd_max_length": 0,
                "iops_wr": 0,
                "iops_wr_max": 0,
                "iops_wr_max_length": 0,
                "iothread": 1,
                "mbps": 0,
                "mbps_rd": 0,
                "mbps_rd_max": 0,
                "mbps_wr": 0,
                "mbps_wr_max": 0,
                "media": "",
                "replicate": 0,
                "size": "150G",
                "slot": 0,
                "ssd": 0,
                "storage": "local-lvm",
                "storage_type": "lvmthin",
                "type": "scsi",
                "volume": "local-lvm:vm-102-disk-0"
              }
            ],
            "disk_gb": 0,
            "force_create": false,
            "force_recreate_on_change_of": null,
            "full_clone": true,
            "guest_agent_ready_timeout": 100,
            "hagroup": "",
            "hastate": "",
            "hotplug": "network,disk,usb",
            "id": "pve0/qemu/102",
            "ipconfig0": "ip=192.168.10.120/16,gw=192.168.10.1",
            "ipconfig1": "",
            "ipconfig2": "",
            "ipconfig3": "",
            "ipconfig4": "",
            "ipconfig5": "",
            "iso": null,
            "kvm": true,
            "mac": "",
            "memory": 12288,
            "name": "vb0",
            "nameserver": "",
            "network": [
              {
                "bridge": "vmbr0",
                "firewall": false,
                "link_down": false,
                "macaddr": "C6:73:99:E4:E3:E1",
                "model": "virtio",
                "mtu": 0,
                "queues": 0,
                "rate": 0,
                "tag": -1
              }
            ],
            "nic": "",
            "numa": false,
            "onboot": true,
            "oncreate": true,
            "os_network_config": null,
            "os_type": "cloud-init",
            "pool": "",
            "preprovision": true,
            "pxe": null,
            "qemu_os": "other",
            "reboot_required": false,
            "scsihw": "virtio-scsi-single",
            "searchdomain": "",
            "serial": [],
            "sockets": 2,
            "ssh_forward_ip": null,
            "ssh_host": "192.168.10.120",
            "ssh_port": "22",
            "ssh_private_key": null,
            "ssh_user": null,
            "sshkeys": "",
            "startup": "",
            "storage": "",
            "storage_type": "",
            "tablet": true,
            "tags": "",
            "target_node": "pve0",
            "timeouts": null,
            "unused_disk": [],
            "usb": [],
            "vcpus": 0,
            "vga": [
              {
                "memory": 128,
                "type": "std"
              }
            ],
            "vlan": -1,
            "vmid": null
          },
          "sensitive_attributes": [],
          "private": "eyJlMmJmYjczMC1lY2FhLTExZTYtOGY4OC0zNDM2M2JjN2M0YzAiOnsiY3JlYXRlIjozMDAwMDAwMDAwMDAsImRlZmF1bHQiOjMwMDAwMDAwMDAwMCwiZGVsZXRlIjoxODAwMDAwMDAwMDAsInJlYWQiOjE4MDAwMDAwMDAwMCwidXBkYXRlIjoxODAwMDAwMDAwMDB9fQ=="
        },
        {
          "index_key": "vb1",
          "schema_version": 0,
          "attributes": {
            "additional_wait": 0,
            "agent": 1,
            "args": "",
            "automatic_reboot": true,
            "balloon": 0,
            "bios": "seabios",
            "boot": "c",
            "bootdisk": "scsi0",
            "bridge": "",
            "ci_wait": null,
            "cicustom": "user=local:snippets/vm-vb1-cloud-init.yaml",
            "cipassword": "",
            "ciuser": "",
            "clone": "ubuntu22",
            "clone_wait": 0,
            "cloudinit_cdrom_storage": null,
            "cores": 2,
            "cpu": "host",
            "default_ipv4_address": "192.168.10.121",
            "define_connection_info": true,
            "desc": "Virtual Nomad Base Node",
            "disk": [
              {
                "aio": "",
                "backup": 0,
                "cache": "none",
                "discard": "",
                "file": "vm-103-disk-0",
                "format": "raw",
                "iops": 0,
                "iops_max": 0,
                "iops_max_length": 0,
                "iops_rd": 0,
                "iops_rd_max": 0,
                "iops_rd_max_length": 0,
                "iops_wr": 0,
                "iops_wr_max": 0,
                "iops_wr_max_length": 0,
                "iothread": 1,
                "mbps": 0,
                "mbps_rd": 0,
                "mbps_rd_max": 0,
                "mbps_wr": 0,
                "mbps_wr_max": 0,
                "media": "",
                "replicate": 0,
                "size": "150G",
                "slot": 0,
                "ssd": 0,
                "storage": "local-lvm",
                "storage_type": "lvmthin",
                "type": "scsi",
                "volume": "local-lvm:vm-103-disk-0"
              }
            ],
            "disk_gb": 0,
            "force_create": false,
            "force_recreate_on_change_of": null,
            "full_clone": true,
            "guest_agent_ready_timeout": 100,
            "hagroup": "",
            "hastate": "",
            "hotplug": "network,disk,usb",
            "id": "pve0/qemu/103",
            "ipconfig0": "ip=192.168.10.121/16,gw=192.168.10.1",
            "ipconfig1": "",
            "ipconfig2": "",
            "ipconfig3": "",
            "ipconfig4": "",
            "ipconfig5": "",
            "iso": null,
            "kvm": true,
            "mac": "",
            "memory": 12288,
            "name": "vb1",
            "nameserver": "",
            "network": [
              {
                "bridge": "vmbr0",
                "firewall": false,
                "link_down": false,
                "macaddr": "66:79:A9:CB:FC:F6",
                "model": "virtio",
                "mtu": 0,
                "queues": 0,
                "rate": 0,
                "tag": -1
              }
            ],
            "nic": "",
            "numa": false,
            "onboot": true,
            "oncreate": true,
            "os_network_config": null,
            "os_type": "cloud-init",
            "pool": "",
            "preprovision": true,
            "pxe": null,
            "qemu_os": "other",
            "reboot_required": false,
            "scsihw": "virtio-scsi-single",
            "searchdomain": "",
            "serial": [],
            "sockets": 2,
            "ssh_forward_ip": null,
            "ssh_host": "192.168.10.121",
            "ssh_port": "22",
            "ssh_private_key": null,
            "ssh_user": null,
            "sshkeys": "",
            "startup": "",
            "storage": "",
            "storage_type": "",
            "tablet": true,
            "tags": "",
            "target_node": "pve0",
            "timeouts": null,
            "unused_disk": [],
            "usb": [],
            "vcpus": 0,
            "vga": [
              {
                "memory": 128,
                "type": "std"
              }
            ],
            "vlan": -1,
            "vmid": null
          },
          "sensitive_attributes": [],
          "private": "eyJlMmJmYjczMC1lY2FhLTExZTYtOGY4OC0zNDM2M2JjN2M0YzAiOnsiY3JlYXRlIjozMDAwMDAwMDAwMDAsImRlZmF1bHQiOjMwMDAwMDAwMDAwMCwiZGVsZXRlIjoxODAwMDAwMDAwMDAsInJlYWQiOjE4MDAwMDAwMDAwMCwidXBkYXRlIjoxODAwMDAwMDAwMDB9fQ=="
        },
        {
          "index_key": "vb2",
          "schema_version": 0,
          "attributes": {
            "additional_wait": 0,
            "agent": 1,
            "args": "",
            "automatic_reboot": true,
            "balloon": 0,
            "bios": "seabios",
            "boot": "c",
            "bootdisk": "scsi0",
            "bridge": "",
            "ci_wait": null,
            "cicustom": "user=local:snippets/vm-vb2-cloud-init.yaml",
            "cipassword": "",
            "ciuser": "",
            "clone": "ubuntu22",
            "clone_wait": 0,
            "cloudinit_cdrom_storage": null,
            "cores": 2,
            "cpu": "host",
            "default_ipv4_address": "192.168.10.122",
            "define_connection_info": true,
            "desc": "Virtual Nomad Base Node",
            "disk": [
              {
                "aio": "",
                "backup": 0,
                "cache": "none",
                "discard": "",
                "file": "vm-105-disk-0",
                "format": "raw",
                "iops": 0,
                "iops_max": 0,
                "iops_max_length": 0,
                "iops_rd": 0,
                "iops_rd_max": 0,
                "iops_rd_max_length": 0,
                "iops_wr": 0,
                "iops_wr_max": 0,
                "iops_wr_max_length": 0,
                "iothread": 1,
                "mbps": 0,
                "mbps_rd": 0,
                "mbps_rd_max": 0,
                "mbps_wr": 0,
                "mbps_wr_max": 0,
                "media": "",
                "replicate": 0,
                "size": "150G",
                "slot": 0,
                "ssd": 0,
                "storage": "local-lvm",
                "storage_type": "lvmthin",
                "type": "scsi",
                "volume": "local-lvm:vm-105-disk-0"
              }
            ],
            "disk_gb": 0,
            "force_create": false,
            "force_recreate_on_change_of": null,
            "full_clone": true,
            "guest_agent_ready_timeout": 100,
            "hagroup": "",
            "hastate": "",
            "hotplug": "network,disk,usb",
            "id": "pve0/qemu/105",
            "ipconfig0": "ip=192.168.10.122/16,gw=192.168.10.1",
            "ipconfig1": "",
            "ipconfig2": "",
            "ipconfig3": "",
            "ipconfig4": "",
            "ipconfig5": "",
            "iso": null,
            "kvm": true,
            "mac": "",
            "memory": 12288,
            "name": "vb2",
            "nameserver": "",
            "network": [
              {
                "bridge": "vmbr0",
                "firewall": false,
                "link_down": false,
                "macaddr": "AA:10:C3:BA:2D:CB",
                "model": "virtio",
                "mtu": 0,
                "queues": 0,
                "rate": 0,
                "tag": -1
              }
            ],
            "nic": "",
            "numa": false,
            "onboot": true,
            "oncreate": true,
            "os_network_config": null,
            "os_type": "cloud-init",
            "pool": "",
            "preprovision": true,
            "pxe": null,
            "qemu_os": "other",
            "reboot_required": false,
            "scsihw": "virtio-scsi-single",
            "searchdomain": "",
            "serial": [],
            "sockets": 2,
            "ssh_forward_ip": null,
            "ssh_host": "192.168.10.122",
            "ssh_port": "22",
            "ssh_private_key": null,
            "ssh_user": null,
            "sshkeys": "",
            "startup": "",
            "storage": "",
            "storage_type": "",
            "tablet": true,
            "tags": "",
            "target_node": "pve0",
            "timeouts": null,
            "unused_disk": [],
            "usb": [],
            "vcpus": 0,
            "vga": [
              {
                "memory": 128,
                "type": "std"
              }
            ],
            "vlan": -1,
            "vmid": null
          },
          "sensitive_attributes": [],
          "private": "eyJlMmJmYjczMC1lY2FhLTExZTYtOGY4OC0zNDM2M2JjN2M0YzAiOnsiY3JlYXRlIjozMDAwMDAwMDAwMDAsImRlZmF1bHQiOjMwMDAwMDAwMDAwMCwiZGVsZXRlIjoxODAwMDAwMDAwMDAsInJlYWQiOjE4MDAwMDAwMDAwMCwidXBkYXRlIjoxODAwMDAwMDAwMDB9fQ=="
        },
        {
          "index_key": "vs0",
          "schema_version": 0,
          "attributes": {
            "additional_wait": 0,
            "agent": 1,
            "args": "",
            "automatic_reboot": true,
            "balloon": 0,
            "bios": "seabios",
            "boot": "c",
            "bootdisk": "scsi0",
            "bridge": "",
            "ci_wait": null,
            "cicustom": "user=local:snippets/vm-vs0-cloud-init.yaml",
            "cipassword": "",
            "ciuser": "",
            "clone": "ubuntu22",
            "clone_wait": 0,
            "cloudinit_cdrom_storage": null,
            "cores": 2,
            "cpu": "host",
            "default_ipv4_address": "192.168.10.130",
            "define_connection_info": true,
            "desc": "Virtual Nomad Service Node",
            "disk": [
              {
                "aio": "",
                "backup": 0,
                "cache": "none",
                "discard": "",
                "file": "vm-104-disk-0",
                "format": "raw",
                "iops": 0,
                "iops_max": 0,
                "iops_max_length": 0,
                "iops_rd": 0,
                "iops_rd_max": 0,
                "iops_rd_max_length": 0,
                "iops_wr": 0,
                "iops_wr_max": 0,
                "iops_wr_max_length": 0,
                "iothread": 1,
                "mbps": 0,
                "mbps_rd": 0,
                "mbps_rd_max": 0,
                "mbps_wr": 0,
                "mbps_wr_max": 0,
                "media": "",
                "replicate": 0,
                "size": "150G",
                "slot": 0,
                "ssd": 0,
                "storage": "local-lvm",
                "storage_type": "lvmthin",
                "type": "scsi",
                "volume": "local-lvm:vm-104-disk-0"
              }
            ],
            "disk_gb": 0,
            "force_create": false,
            "force_recreate_on_change_of": null,
            "full_clone": true,
            "guest_agent_ready_timeout": 100,
            "hagroup": "",
            "hastate": "",
            "hotplug": "network,disk,usb",
            "id": "pve0/qemu/104",
            "ipconfig0": "ip=192.168.10.130/16,gw=192.168.10.1",
            "ipconfig1": "",
            "ipconfig2": "",
            "ipconfig3": "",
            "ipconfig4": "",
            "ipconfig5": "",
            "iso": null,
            "kvm": true,
            "mac": "",
            "memory": 12288,
            "name": "vs0",
            "nameserver": "",
            "network": [
              {
                "bridge": "vmbr0",
                "firewall": false,
                "link_down": false,
                "macaddr": "76:30:6D:8F:68:E1",
                "model": "virtio",
                "mtu": 0,
                "queues": 0,
                "rate": 0,
                "tag": -1
              }
            ],
            "nic": "",
            "numa": false,
            "onboot": true,
            "oncreate": true,
            "os_network_config": null,
            "os_type": "cloud-init",
            "pool": "",
            "preprovision": true,
            "pxe": null,
            "qemu_os": "other",
            "reboot_required": false,
            "scsihw": "virtio-scsi-single",
            "searchdomain": "",
            "serial": [],
            "sockets": 2,
            "ssh_forward_ip": null,
            "ssh_host": "192.168.10.130",
            "ssh_port": "22",
            "ssh_private_key": null,
            "ssh_user": null,
            "sshkeys": "",
            "startup": "",
            "storage": "",
            "storage_type": "",
            "tablet": true,
            "tags": "",
            "target_node": "pve0",
            "timeouts": null,
            "unused_disk": [],
            "usb": [],
            "vcpus": 0,
            "vga": [
              {
                "memory": 128,
                "type": "std"
              }
            ],
            "vlan": -1,
            "vmid": null
          },
          "sensitive_attributes": [],
          "private": "eyJlMmJmYjczMC1lY2FhLTExZTYtOGY4OC0zNDM2M2JjN2M0YzAiOnsiY3JlYXRlIjozMDAwMDAwMDAwMDAsImRlZmF1bHQiOjMwMDAwMDAwMDAwMCwiZGVsZXRlIjoxODAwMDAwMDAwMDAsInJlYWQiOjE4MDAwMDAwMDAwMCwidXBkYXRlIjoxODAwMDAwMDAwMDB9fQ=="
        },
        {
          "index_key": "vs1",
          "schema_version": 0,
          "attributes": {
            "additional_wait": 0,
            "agent": 1,
            "args": "",
            "automatic_reboot": true,
            "balloon": 0,
            "bios": "seabios",
            "boot": "c",
            "bootdisk": "scsi0",
            "bridge": "",
            "ci_wait": null,
            "cicustom": "user=local:snippets/vm-vs1-cloud-init.yaml",
            "cipassword": "",
            "ciuser": "",
            "clone": "ubuntu22",
            "clone_wait": 0,
            "cloudinit_cdrom_storage": null,
            "cores": 2,
            "cpu": "host",
            "default_ipv4_address": "192.168.10.131",
            "define_connection_info": true,
            "desc": "Virtual Nomad Service Node",
            "disk": [
              {
                "aio": "",
                "backup": 0,
                "cache": "none",
                "discard": "",
                "file": "vm-106-disk-0",
                "format": "raw",
                "iops": 0,
                "iops_max": 0,
                "iops_max_length": 0,
                "iops_rd": 0,
                "iops_rd_max": 0,
                "iops_rd_max_length": 0,
                "iops_wr": 0,
                "iops_wr_max": 0,
                "iops_wr_max_length": 0,
                "iothread": 1,
                "mbps": 0,
                "mbps_rd": 0,
                "mbps_rd_max": 0,
                "mbps_wr": 0,
                "mbps_wr_max": 0,
                "media": "",
                "replicate": 0,
                "size": "150G",
                "slot": 0,
                "ssd": 0,
                "storage": "local-lvm",
                "storage_type": "lvmthin",
                "type": "scsi",
                "volume": "local-lvm:vm-106-disk-0"
              }
            ],
            "disk_gb": 0,
            "force_create": false,
            "force_recreate_on_change_of": null,
            "full_clone": true,
            "guest_agent_ready_timeout": 100,
            "hagroup": "",
            "hastate": "",
            "hotplug": "network,disk,usb",
            "id": "pve0/qemu/106",
            "ipconfig0": "ip=192.168.10.131/16,gw=192.168.10.1",
            "ipconfig1": "",
            "ipconfig2": "",
            "ipconfig3": "",
            "ipconfig4": "",
            "ipconfig5": "",
            "iso": null,
            "kvm": true,
            "mac": "",
            "memory": 12288,
            "name": "vs1",
            "nameserver": "",
            "network": [
              {
                "bridge": "vmbr0",
                "firewall": false,
                "link_down": false,
                "macaddr": "02:CB:AB:55:E2:BE",
                "model": "virtio",
                "mtu": 0,
                "queues": 0,
                "rate": 0,
                "tag": -1
              }
            ],
            "nic": "",
            "numa": false,
            "onboot": true,
            "oncreate": true,
            "os_network_config": null,
            "os_type": "cloud-init",
            "pool": "",
            "preprovision": true,
            "pxe": null,
            "qemu_os": "other",
            "reboot_required": false,
            "scsihw": "virtio-scsi-single",
            "searchdomain": "",
            "serial": [],
            "sockets": 2,
            "ssh_forward_ip": null,
            "ssh_host": "192.168.10.131",
            "ssh_port": "22",
            "ssh_private_key": null,
            "ssh_user": null,
            "sshkeys": "",
            "startup": "",
            "storage": "",
            "storage_type": "",
            "tablet": true,
            "tags": "",
            "target_node": "pve0",
            "timeouts": null,
            "unused_disk": [],
            "usb": [],
            "vcpus": 0,
            "vga": [
              {
                "memory": 128,
                "type": "std"
              }
            ],
            "vlan": -1,
            "vmid": null
          },
          "sensitive_attributes": [],
          "private": "eyJlMmJmYjczMC1lY2FhLTExZTYtOGY4OC0zNDM2M2JjN2M0YzAiOnsiY3JlYXRlIjozMDAwMDAwMDAwMDAsImRlZmF1bHQiOjMwMDAwMDAwMDAwMCwiZGVsZXRlIjoxODAwMDAwMDAwMDAsInJlYWQiOjE4MDAwMDAwMDAwMCwidXBkYXRlIjoxODAwMDAwMDAwMDB9fQ=="
        },
        {
          "index_key": "vs2",
          "schema_version": 0,
          "attributes": {
            "additional_wait": 0,
            "agent": 1,
            "args": "",
            "automatic_reboot": true,
            "balloon": 0,
            "bios": "seabios",
            "boot": "c",
            "bootdisk": "scsi0",
            "bridge": "",
            "ci_wait": null,
            "cicustom": "user=local:snippets/vm-vs2-cloud-init.yaml",
            "cipassword": "",
            "ciuser": "",
            "clone": "ubuntu22",
            "clone_wait": 0,
            "cloudinit_cdrom_storage": null,
            "cores": 2,
            "cpu": "host",
            "default_ipv4_address": "192.168.10.132",
            "define_connection_info": true,
            "desc": "Virtual Nomad Service Node",
            "disk": [
              {
                "aio": "",
                "backup": 0,
                "cache": "none",
                "discard": "",
                "file": "vm-101-disk-0",
                "format": "raw",
                "iops": 0,
                "iops_max": 0,
                "iops_max_length": 0,
                "iops_rd": 0,
                "iops_rd_max": 0,
                "iops_rd_max_length": 0,
                "iops_wr": 0,
                "iops_wr_max": 0,
                "iops_wr_max_length": 0,
                "iothread": 1,
                "mbps": 0,
                "mbps_rd": 0,
                "mbps_rd_max": 0,
                "mbps_wr": 0,
                "mbps_wr_max": 0,
                "media": "",
                "replicate": 0,
                "size": "150G",
                "slot": 0,
                "ssd": 0,
                "storage": "local-lvm",
                "storage_type": "lvmthin",
                "type": "scsi",
                "volume": "local-lvm:vm-101-disk-0"
              }
            ],
            "disk_gb": 0,
            "force_create": false,
            "force_recreate_on_change_of": null,
            "full_clone": true,
            "guest_agent_ready_timeout": 100,
            "hagroup": "",
            "hastate": "",
            "hotplug": "network,disk,usb",
            "id": "pve0/qemu/101",
            "ipconfig0": "ip=192.168.10.132/16,gw=192.168.10.1",
            "ipconfig1": "",
            "ipconfig2": "",
            "ipconfig3": "",
            "ipconfig4": "",
            "ipconfig5": "",
            "iso": null,
            "kvm": true,
            "mac": "",
            "memory": 12288,
            "name": "vs2",
            "nameserver": "",
            "network": [
              {
                "bridge": "vmbr0",
                "firewall": false,
                "link_down": false,
                "macaddr": "7E:07:7D:31:F2:8A",
                "model": "virtio",
                "mtu": 0,
                "queues": 0,
                "rate": 0,
                "tag": -1
              }
            ],
            "nic": "",
            "numa": false,
            "onboot": true,
            "oncreate": true,
            "os_network_config": null,
            "os_type": "cloud-init",
            "pool": "",
            "preprovision": true,
            "pxe": null,
            "qemu_os": "other",
            "reboot_required": false,
            "scsihw": "virtio-scsi-single",
            "searchdomain": "",
            "serial": [],
            "sockets": 2,
            "ssh_forward_ip": null,
            "ssh_host": "192.168.10.132",
            "ssh_port": "22",
            "ssh_private_key": null,
            "ssh_user": null,
            "sshkeys": "",
            "startup": "",
            "storage": "",
            "storage_type": "",
            "tablet": true,
            "tags": "",
            "target_node": "pve0",
            "timeouts": null,
            "unused_disk": [],
            "usb": [],
            "vcpus": 0,
            "vga": [
              {
                "memory": 128,
                "type": "std"
              }
            ],
            "vlan": -1,
            "vmid": null
          },
          "sensitive_attributes": [],
          "private": "eyJlMmJmYjczMC1lY2FhLTExZTYtOGY4OC0zNDM2M2JjN2M0YzAiOnsiY3JlYXRlIjozMDAwMDAwMDAwMDAsImRlZmF1bHQiOjMwMDAwMDAwMDAwMCwiZGVsZXRlIjoxODAwMDAwMDAwMDAsInJlYWQiOjE4MDAwMDAwMDAwMCwidXBkYXRlIjoxODAwMDAwMDAwMDB9fQ=="
        }
      ]
    },
    {
      "module": "module.sandbox",
      "mode": "managed",
      "type": "local_file",
      "name": "cloud_init_user_data_file",
      "provider": "provider[\"registry.terraform.io/hashicorp/local\"]",
      "instances": [
        {
          "index_key": "logmon",
          "schema_version": 0,
          "attributes": {
            "content": "#cloud-config\nhostname: logmon\nmanage_etc_hosts: true\nfqdn: logmon.jamfox.dev\ntimezone: Europe/London\nusers:\n  - name: ubuntu\n    ssh-authorized-keys:\n      - ssh-ed25519 AAAAC3NzaC1lZDI1NTE5AAAAILayJ7ZP6Z6IDms4ujnz9nRnAJEIXwyto1SbSwfzjqst jamfox\n    sudo: ['ALL=(ALL) NOPASSWD:ALL']\n    groups: sudo\n    shell: /bin/bash\npackage_upgrade: false\n\nruncmd:\n  - sudo apt update \u0026\u0026 sudo apt upgrade -y\n  - sudo /usr/sbin/reboot\n",
            "content_base64": null,
            "content_base64sha256": "a+MX1gKldCf5ah+pduniEBCKwkhNZkknDiakVhPvAy0=",
            "content_base64sha512": "Hhmyfy7CZsr5XwHPMjugNZb/AzPyiU56jAnyxgcBcKKczHYoFSVDFH2WD5S3orfWuwzRIZE8jxwTPY5FaSmuSA==",
            "content_md5": "9895ac9a3ab136b8327ac41b36bfa3d8",
            "content_sha1": "b879f026a8093aad770b69372ab64166fe0bb6f2",
            "content_sha256": "6be317d602a57427f96a1fa976e9e210108ac2484d6649270e26a45613ef032d",
            "content_sha512": "1e19b27f2ec266caf95f01cf323ba03596ff0333f2894e7a8c09f2c6070170a29ccc7628152543147d960f94b7a2b7d6bb0cd121913c8f1c133d8e456929ae48",
            "directory_permission": "0777",
            "file_permission": "0777",
            "filename": "modules/vm_qemu/files/vm-logmon-cloud-init.yaml",
            "id": "b879f026a8093aad770b69372ab64166fe0bb6f2",
            "sensitive_content": null,
            "source": null
          },
          "sensitive_attributes": []
        }
      ]
    },
    {
      "module": "module.sandbox",
      "mode": "managed",
      "type": "null_resource",
      "name": "cloud_init_config_files",
      "provider": "provider[\"registry.terraform.io/hashicorp/null\"]",
      "instances": [
        {
          "index_key": "logmon",
          "schema_version": 0,
          "attributes": {
            "id": "1762053812244839492",
            "triggers": null
          },
          "sensitive_attributes": [],
          "dependencies": [
            "module.sandbox.local_file.cloud_init_user_data_file"
          ]
        }
      ]
    },
    {
      "module": "module.sandbox",
      "mode": "managed",
      "type": "proxmox_vm_qemu",
      "name": "vms",
      "provider": "provider[\"registry.terraform.io/telmate/proxmox\"]",
      "instances": [
        {
          "index_key": "logmon",
          "schema_version": 0,
          "attributes": {
            "additional_wait": 0,
            "agent": 1,
            "args": "",
            "automatic_reboot": true,
            "balloon": 0,
            "bios": "seabios",
            "boot": "c",
            "bootdisk": "scsi0",
            "bridge": "",
            "ci_wait": null,
            "cicustom": "user=local:snippets/vm-logmon-cloud-init.yaml",
            "cipassword": "",
            "ciuser": "",
            "clone": "ubuntu22",
            "clone_wait": 0,
            "cloudinit_cdrom_storage": null,
            "cores": 2,
            "cpu": "host",
            "default_ipv4_address": "192.168.10.50",
            "define_connection_info": true,
            "desc": "Logging and monitoring lab machine",
            "disk": [
              {
                "aio": "",
                "backup": 0,
                "cache": "none",
                "discard": "",
                "file": "vm-100-disk-0",
                "format": "raw",
                "iops": 0,
                "iops_max": 0,
                "iops_max_length": 0,
                "iops_rd": 0,
                "iops_rd_max": 0,
                "iops_rd_max_length": 0,
                "iops_wr": 0,
                "iops_wr_max": 0,
                "iops_wr_max_length": 0,
                "iothread": 1,
                "mbps": 0,
                "mbps_rd": 0,
                "mbps_rd_max": 0,
                "mbps_wr": 0,
                "mbps_wr_max": 0,
                "media": "",
                "replicate": 0,
                "size": "50G",
                "slot": 0,
                "ssd": 0,
                "storage": "local-lvm",
                "storage_type": "lvmthin",
                "type": "scsi",
                "volume": "local-lvm:vm-100-disk-0"
              }
            ],
            "disk_gb": 0,
            "force_create": false,
            "force_recreate_on_change_of": null,
            "full_clone": true,
            "guest_agent_ready_timeout": 100,
            "hagroup": "",
            "hastate": "",
            "hotplug": "network,disk,usb",
            "id": "pve0/qemu/100",
            "ipconfig0": "ip=192.168.10.50/16,gw=192.168.10.1",
            "ipconfig1": "",
            "ipconfig2": "",
            "ipconfig3": "",
            "ipconfig4": "",
            "ipconfig5": "",
            "iso": null,
            "kvm": true,
            "mac": "",
            "memory": 8192,
            "name": "logmon",
            "nameserver": "",
            "network": [
              {
                "bridge": "vmbr0",
                "firewall": false,
                "link_down": false,
                "macaddr": "46:C1:2A:4C:AF:F6",
                "model": "virtio",
                "mtu": 0,
                "queues": 0,
                "rate": 0,
                "tag": -1
              }
            ],
            "nic": "",
            "numa": false,
            "onboot": true,
            "oncreate": true,
            "os_network_config": null,
            "os_type": "cloud-init",
            "pool": "",
            "preprovision": true,
            "pxe": null,
            "qemu_os": "other",
            "reboot_required": false,
            "scsihw": "virtio-scsi-single",
            "searchdomain": "",
            "serial": [],
            "sockets": 2,
            "ssh_forward_ip": null,
            "ssh_host": "192.168.10.50",
            "ssh_port": "22",
            "ssh_private_key": null,
            "ssh_user": null,
            "sshkeys": "",
            "startup": "",
            "storage": "",
            "storage_type": "",
            "tablet": true,
            "tags": "",
            "target_node": "pve0",
            "timeouts": null,
            "unused_disk": [],
            "usb": [],
            "vcpus": 0,
            "vga": [
              {
                "memory": 128,
                "type": "std"
              }
            ],
            "vlan": -1,
            "vmid": null
          },
          "sensitive_attributes": [],
          "private": "eyJlMmJmYjczMC1lY2FhLTExZTYtOGY4OC0zNDM2M2JjN2M0YzAiOnsiY3JlYXRlIjozMDAwMDAwMDAwMDAsImRlZmF1bHQiOjMwMDAwMDAwMDAwMCwiZGVsZXRlIjoxODAwMDAwMDAwMDAsInJlYWQiOjE4MDAwMDAwMDAwMCwidXBkYXRlIjoxODAwMDAwMDAwMDB9fQ=="
        }
      ]
    }
  ],
  "check_results": null
}
